
Microsoft Visual Studio Solution File, Format Version 12.00
# Visual Studio Version 17
VisualStudioVersion = 17.2.32630.192
MinimumVisualStudioVersion = 10.0.40219.1
Project("{FAE04EC0-301F-11D3-BF4B-00C04F79EFBC}") = "InfilonTask", "InfilonTask\InfilonTask.csproj", "{B36CF317-DFD0-428A-9365-FA3CE4A362E1}"
EndProject
Global
	GlobalSection(SolutionConfigurationPlatforms) = preSolution
		Debug|Any CPU = Debug|Any CPU
		Release|Any CPU = Release|Any CPU
	EndGlobalSection
	GlobalSection(ProjectConfigurationPlatforms) = postSolution
		{B36CF317-DFD0-428A-9365-FA3CE4A362E1}.Debug|Any CPU.ActiveCfg = Debug|Any CPU
		{B36CF317-DFD0-428A-9365-FA3CE4A362E1}.Debug|Any CPU.Build.0 = Debug|Any CPU
		{B36CF317-DFD0-428A-9365-FA3CE4A362E1}.Release|Any CPU.ActiveCfg = Release|Any CPU
		{B36CF317-DFD0-428A-9365-FA3CE4A362E1}.Release|Any CPU.Build.0 = Release|Any CPU
	EndGlobalSection
	GlobalSection(SolutionProperties) = preSolution
		HideSolutionNode = FALSE
	EndGlobalSection
	GlobalSection(ExtensibilityGlobals) = postSolution
		SolutionGuid = {B8F634CE-D830-4322-AAA0-323BA517CCAA}
	EndGlobalSection
EndGlobal
